// !$*UTF8*$!
{
	archiveVersion = 1;
	classes = {
	};
	objectVersion = 48;
	objects = {

/* Begin PBXBuildFile section */
		DA3F2BAA1F82AE6200A556F5 /* DefaultViewController.swift in Sources */ = {isa = PBXBuildFile; fileRef = DA3F2BA91F82AE6200A556F5 /* DefaultViewController.swift */; };
		DA3F2BAC1F836B4500A556F5 /* Global.swift in Sources */ = {isa = PBXBuildFile; fileRef = DA3F2BAB1F836B4500A556F5 /* Global.swift */; };
		DA3F2BAE1F83A2FA00A556F5 /* AnimatorFactory.swift in Sources */ = {isa = PBXBuildFile; fileRef = DA3F2BAD1F83A2FA00A556F5 /* AnimatorFactory.swift */; };
		DA3F2BB21F85D19900A556F5 /* PaperTransition.swift in Sources */ = {isa = PBXBuildFile; fileRef = DA3F2BB11F85D19900A556F5 /* PaperTransition.swift */; };
		DA6E023B1F88592E0082576A /* PianoTextView_CoreData.swift in Sources */ = {isa = PBXBuildFile; fileRef = DA6E023A1F88592E0082576A /* PianoTextView_CoreData.swift */; };
		DAB994241F8B0AE1007AF6CD /* PaperNavigationViewController.swift in Sources */ = {isa = PBXBuildFile; fileRef = DAB994231F8B0AE1007AF6CD /* PaperNavigationViewController.swift */; };
		DAC6971F1F8B57A7008071E4 /* PianoTextView_Form.swift in Sources */ = {isa = PBXBuildFile; fileRef = DAC6971E1F8B57A7008071E4 /* PianoTextView_Form.swift */; };
		DAC697211F8B5845008071E4 /* Primitive_Extension.swift in Sources */ = {isa = PBXBuildFile; fileRef = DAC697201F8B5845008071E4 /* Primitive_Extension.swift */; };
		DAC697231F8B59A7008071E4 /* PianoTextView_Effectable.swift in Sources */ = {isa = PBXBuildFile; fileRef = DAC697221F8B59A7008071E4 /* PianoTextView_Effectable.swift */; };
		DAC697251F8B5A10008071E4 /* PianoTextView_Cursor.swift in Sources */ = {isa = PBXBuildFile; fileRef = DAC697241F8B5A10008071E4 /* PianoTextView_Cursor.swift */; };
		DAC697271F8B5A2E008071E4 /* PianoTextView_UITextViewDelegate.swift in Sources */ = {isa = PBXBuildFile; fileRef = DAC697261F8B5A2E008071E4 /* PianoTextView_UITextViewDelegate.swift */; };
		DACBCACE1F8B186C003DEC7F /* PianoPickerView.xib in Resources */ = {isa = PBXBuildFile; fileRef = DACBCACD1F8B186C003DEC7F /* PianoPickerView.xib */; };
		DACBCAD21F8B1A1E003DEC7F /* PianoPickerView.swift in Sources */ = {isa = PBXBuildFile; fileRef = DACBCAD11F8B1A1E003DEC7F /* PianoPickerView.swift */; };
		DACBCAD41F8B3502003DEC7F /* PianoAttributeStyle.swift in Sources */ = {isa = PBXBuildFile; fileRef = DACBCAD31F8B3502003DEC7F /* PianoAttributeStyle.swift */; };
		DACBCAD61F8B35D3003DEC7F /* PianoView.swift in Sources */ = {isa = PBXBuildFile; fileRef = DACBCAD51F8B35D3003DEC7F /* PianoView.swift */; };
		DACBCAD81F8B38C6003DEC7F /* PianoViewData.swift in Sources */ = {isa = PBXBuildFile; fileRef = DACBCAD71F8B38C6003DEC7F /* PianoViewData.swift */; };
		DACBCADA1F8B38DB003DEC7F /* PianoResult.swift in Sources */ = {isa = PBXBuildFile; fileRef = DACBCAD91F8B38DB003DEC7F /* PianoResult.swift */; };
		DACBCADC1F8B3906003DEC7F /* PianoControl.swift in Sources */ = {isa = PBXBuildFile; fileRef = DACBCADB1F8B3906003DEC7F /* PianoControl.swift */; };
		DACBCADE1F8B47B0003DEC7F /* PianoTextView_NSAttributedStringKey.swift in Sources */ = {isa = PBXBuildFile; fileRef = DACBCADD1F8B47B0003DEC7F /* PianoTextView_NSAttributedStringKey.swift */; };
		DACBCAE01F8B4FA0003DEC7F /* PhotoView.swift in Sources */ = {isa = PBXBuildFile; fileRef = DACBCADF1F8B4FA0003DEC7F /* PhotoView.swift */; };
		DACBCAE21F8B505F003DEC7F /* PianoTextView_PhotoViewDelegate.swift in Sources */ = {isa = PBXBuildFile; fileRef = DACBCAE11F8B505F003DEC7F /* PianoTextView_PhotoViewDelegate.swift */; };
		DACBCAE41F8B51F4003DEC7F /* ImageCell.swift in Sources */ = {isa = PBXBuildFile; fileRef = DACBCAE31F8B51F4003DEC7F /* ImageCell.swift */; };
		DACBCAE61F8B5302003DEC7F /* MirrorScrollView.swift in Sources */ = {isa = PBXBuildFile; fileRef = DACBCAE51F8B5302003DEC7F /* MirrorScrollView.swift */; };
		DACBCAEB1F8B5379003DEC7F /* ImageCell.xib in Resources */ = {isa = PBXBuildFile; fileRef = DACBCAEA1F8B5379003DEC7F /* ImageCell.xib */; };
		DAD3D6161F7A291C00FC029D /* AppDelegate.swift in Sources */ = {isa = PBXBuildFile; fileRef = DAD3D6151F7A291C00FC029D /* AppDelegate.swift */; };
		DAD3D61B1F7A291C00FC029D /* Main.storyboard in Resources */ = {isa = PBXBuildFile; fileRef = DAD3D6191F7A291C00FC029D /* Main.storyboard */; };
		DAD3D61D1F7A291C00FC029D /* Assets.xcassets in Resources */ = {isa = PBXBuildFile; fileRef = DAD3D61C1F7A291C00FC029D /* Assets.xcassets */; };
		DAD3D6201F7A291C00FC029D /* LaunchScreen.storyboard in Resources */ = {isa = PBXBuildFile; fileRef = DAD3D61E1F7A291C00FC029D /* LaunchScreen.storyboard */; };
		DAD3D6281F7A29C500FC029D /* PaperListViewController.swift in Sources */ = {isa = PBXBuildFile; fileRef = DAD3D6271F7A29C500FC029D /* PaperListViewController.swift */; };
		DAD3D62A1F7A29DA00FC029D /* PaperViewController.swift in Sources */ = {isa = PBXBuildFile; fileRef = DAD3D6291F7A29DA00FC029D /* PaperViewController.swift */; };
		DAD3D62C1F7A2C2C00FC029D /* PaperCell.swift in Sources */ = {isa = PBXBuildFile; fileRef = DAD3D62B1F7A2C2C00FC029D /* PaperCell.swift */; };
		DAD3D62E1F7A2C3C00FC029D /* Reusable.swift in Sources */ = {isa = PBXBuildFile; fileRef = DAD3D62D1F7A2C3C00FC029D /* Reusable.swift */; };
		DAD3D63B1F7A30CE00FC029D /* PaperModel.xcdatamodeld in Sources */ = {isa = PBXBuildFile; fileRef = DAD3D6391F7A30CE00FC029D /* PaperModel.xcdatamodeld */; };
		DAD3D63F1F7A36CF00FC029D /* CoreData.swift in Sources */ = {isa = PBXBuildFile; fileRef = DAD3D63E1F7A36CF00FC029D /* CoreData.swift */; };
		DAD3D6411F7A378A00FC029D /* PianoTextView.swift in Sources */ = {isa = PBXBuildFile; fileRef = DAD3D6401F7A378A00FC029D /* PianoTextView.swift */; };
		DAD3D6431F7A5F7200FC029D /* NSMutableAttributedString_Extension.swift in Sources */ = {isa = PBXBuildFile; fileRef = DAD3D6421F7A5F7200FC029D /* NSMutableAttributedString_Extension.swift */; };
		DAD3D6451F7A60A200FC029D /* ImageAttachment.swift in Sources */ = {isa = PBXBuildFile; fileRef = DAD3D6441F7A60A200FC029D /* ImageAttachment.swift */; };
		DAD3D6471F7B1CE500FC029D /* TagCell.swift in Sources */ = {isa = PBXBuildFile; fileRef = DAD3D6461F7B1CE500FC029D /* TagCell.swift */; };
		DAD3D64B1F7B7D8400FC029D /* TagCollectionView.swift in Sources */ = {isa = PBXBuildFile; fileRef = DAD3D64A1F7B7D8400FC029D /* TagCollectionView.swift */; };
		DAD3D64D1F7B7F3E00FC029D /* PaperTableView.swift in Sources */ = {isa = PBXBuildFile; fileRef = DAD3D64C1F7B7F3E00FC029D /* PaperTableView.swift */; };
		DADD555D1F8297E500822753 /* PaperListHeaderView.swift in Sources */ = {isa = PBXBuildFile; fileRef = DADD555C1F8297E500822753 /* PaperListHeaderView.swift */; };
		DAE92F2F1F8B9E810004A824 /* PaperViewController_KeyboardNotification.swift in Sources */ = {isa = PBXBuildFile; fileRef = DAE92F2E1F8B9E810004A824 /* PaperViewController_KeyboardNotification.swift */; };
		DAE92F371F8C315E0004A824 /* TagPickerCollectionView.xib in Resources */ = {isa = PBXBuildFile; fileRef = DAE92F361F8C315E0004A824 /* TagPickerCollectionView.xib */; };
		DAE92F391F8C31BF0004A824 /* TagPickerCell.xib in Resources */ = {isa = PBXBuildFile; fileRef = DAE92F381F8C31BF0004A824 /* TagPickerCell.xib */; };
		DAE92F3B1F8C31DB0004A824 /* TagPickerCell.swift in Sources */ = {isa = PBXBuildFile; fileRef = DAE92F3A1F8C31DB0004A824 /* TagPickerCell.swift */; };
		DAE92F3D1F8C31FB0004A824 /* TagPickerCollectionView.swift in Sources */ = {isa = PBXBuildFile; fileRef = DAE92F3C1F8C31FB0004A824 /* TagPickerCollectionView.swift */; };
		DAE92F3F1F8C321B0004A824 /* ColorPickerView.xib in Resources */ = {isa = PBXBuildFile; fileRef = DAE92F3E1F8C321B0004A824 /* ColorPickerView.xib */; };
		DAE92F411F8C322C0004A824 /* ColorPickerView.swift in Sources */ = {isa = PBXBuildFile; fileRef = DAE92F401F8C322C0004A824 /* ColorPickerView.swift */; };
		DAE92F431F8C32880004A824 /* FontPickerView.xib in Resources */ = {isa = PBXBuildFile; fileRef = DAE92F421F8C32880004A824 /* FontPickerView.xib */; };
		DAE92F451F8C32940004A824 /* FontPickerView.swift in Sources */ = {isa = PBXBuildFile; fileRef = DAE92F441F8C32940004A824 /* FontPickerView.swift */; };
		DAE92F471F8C32C30004A824 /* ConvertPickerView.xib in Resources */ = {isa = PBXBuildFile; fileRef = DAE92F461F8C32C30004A824 /* ConvertPickerView.xib */; };
		DAE92F491F8C32CF0004A824 /* ConvertPickerView.swift in Sources */ = {isa = PBXBuildFile; fileRef = DAE92F481F8C32CF0004A824 /* ConvertPickerView.swift */; };
		DAE92F531F8C42430004A824 /* AddTagReusableView.swift in Sources */ = {isa = PBXBuildFile; fileRef = DAE92F511F8C42430004A824 /* AddTagReusableView.swift */; };
		DAE92F541F8C42430004A824 /* AddTagReusableView.xib in Resources */ = {isa = PBXBuildFile; fileRef = DAE92F521F8C42430004A824 /* AddTagReusableView.xib */; };
/* End PBXBuildFile section */

/* Begin PBXFileReference section */
		DA3F2BA91F82AE6200A556F5 /* DefaultViewController.swift */ = {isa = PBXFileReference; lastKnownFileType = sourcecode.swift; path = DefaultViewController.swift; sourceTree = "<group>"; };
		DA3F2BAB1F836B4500A556F5 /* Global.swift */ = {isa = PBXFileReference; lastKnownFileType = sourcecode.swift; path = Global.swift; sourceTree = "<group>"; };
		DA3F2BAD1F83A2FA00A556F5 /* AnimatorFactory.swift */ = {isa = PBXFileReference; lastKnownFileType = sourcecode.swift; path = AnimatorFactory.swift; sourceTree = "<group>"; };
		DA3F2BB11F85D19900A556F5 /* PaperTransition.swift */ = {isa = PBXFileReference; lastKnownFileType = sourcecode.swift; path = PaperTransition.swift; sourceTree = "<group>"; };
		DA6E023A1F88592E0082576A /* PianoTextView_CoreData.swift */ = {isa = PBXFileReference; lastKnownFileType = sourcecode.swift; path = PianoTextView_CoreData.swift; sourceTree = "<group>"; };
		DAB994231F8B0AE1007AF6CD /* PaperNavigationViewController.swift */ = {isa = PBXFileReference; lastKnownFileType = sourcecode.swift; path = PaperNavigationViewController.swift; sourceTree = "<group>"; };
		DAC6971E1F8B57A7008071E4 /* PianoTextView_Form.swift */ = {isa = PBXFileReference; lastKnownFileType = sourcecode.swift; path = PianoTextView_Form.swift; sourceTree = "<group>"; };
		DAC697201F8B5845008071E4 /* Primitive_Extension.swift */ = {isa = PBXFileReference; lastKnownFileType = sourcecode.swift; path = Primitive_Extension.swift; sourceTree = "<group>"; };
		DAC697221F8B59A7008071E4 /* PianoTextView_Effectable.swift */ = {isa = PBXFileReference; lastKnownFileType = sourcecode.swift; path = PianoTextView_Effectable.swift; sourceTree = "<group>"; };
		DAC697241F8B5A10008071E4 /* PianoTextView_Cursor.swift */ = {isa = PBXFileReference; lastKnownFileType = sourcecode.swift; path = PianoTextView_Cursor.swift; sourceTree = "<group>"; };
		DAC697261F8B5A2E008071E4 /* PianoTextView_UITextViewDelegate.swift */ = {isa = PBXFileReference; lastKnownFileType = sourcecode.swift; name = PianoTextView_UITextViewDelegate.swift; path = ../../Shared/PianoTextView_UITextViewDelegate.swift; sourceTree = "<group>"; };
		DACBCACD1F8B186C003DEC7F /* PianoPickerView.xib */ = {isa = PBXFileReference; lastKnownFileType = file.xib; path = PianoPickerView.xib; sourceTree = "<group>"; };
		DACBCAD11F8B1A1E003DEC7F /* PianoPickerView.swift */ = {isa = PBXFileReference; lastKnownFileType = sourcecode.swift; path = PianoPickerView.swift; sourceTree = "<group>"; };
		DACBCAD31F8B3502003DEC7F /* PianoAttributeStyle.swift */ = {isa = PBXFileReference; lastKnownFileType = sourcecode.swift; path = PianoAttributeStyle.swift; sourceTree = "<group>"; };
		DACBCAD51F8B35D3003DEC7F /* PianoView.swift */ = {isa = PBXFileReference; lastKnownFileType = sourcecode.swift; path = PianoView.swift; sourceTree = "<group>"; };
		DACBCAD71F8B38C6003DEC7F /* PianoViewData.swift */ = {isa = PBXFileReference; lastKnownFileType = sourcecode.swift; path = PianoViewData.swift; sourceTree = "<group>"; };
		DACBCAD91F8B38DB003DEC7F /* PianoResult.swift */ = {isa = PBXFileReference; lastKnownFileType = sourcecode.swift; path = PianoResult.swift; sourceTree = "<group>"; };
		DACBCADB1F8B3906003DEC7F /* PianoControl.swift */ = {isa = PBXFileReference; lastKnownFileType = sourcecode.swift; path = PianoControl.swift; sourceTree = "<group>"; };
		DACBCADD1F8B47B0003DEC7F /* PianoTextView_NSAttributedStringKey.swift */ = {isa = PBXFileReference; lastKnownFileType = sourcecode.swift; path = PianoTextView_NSAttributedStringKey.swift; sourceTree = "<group>"; };
		DACBCADF1F8B4FA0003DEC7F /* PhotoView.swift */ = {isa = PBXFileReference; lastKnownFileType = sourcecode.swift; path = PhotoView.swift; sourceTree = "<group>"; };
		DACBCAE11F8B505F003DEC7F /* PianoTextView_PhotoViewDelegate.swift */ = {isa = PBXFileReference; lastKnownFileType = sourcecode.swift; path = PianoTextView_PhotoViewDelegate.swift; sourceTree = "<group>"; };
		DACBCAE31F8B51F4003DEC7F /* ImageCell.swift */ = {isa = PBXFileReference; lastKnownFileType = sourcecode.swift; path = ImageCell.swift; sourceTree = "<group>"; };
		DACBCAE51F8B5302003DEC7F /* MirrorScrollView.swift */ = {isa = PBXFileReference; lastKnownFileType = sourcecode.swift; path = MirrorScrollView.swift; sourceTree = "<group>"; };
		DACBCAEA1F8B5379003DEC7F /* ImageCell.xib */ = {isa = PBXFileReference; lastKnownFileType = file.xib; path = ImageCell.xib; sourceTree = "<group>"; };
		DAD3D6121F7A291C00FC029D /* Paper.app */ = {isa = PBXFileReference; explicitFileType = wrapper.application; includeInIndex = 0; path = Paper.app; sourceTree = BUILT_PRODUCTS_DIR; };
		DAD3D6151F7A291C00FC029D /* AppDelegate.swift */ = {isa = PBXFileReference; lastKnownFileType = sourcecode.swift; path = AppDelegate.swift; sourceTree = "<group>"; };
		DAD3D61A1F7A291C00FC029D /* Base */ = {isa = PBXFileReference; lastKnownFileType = file.storyboard; name = Base; path = Base.lproj/Main.storyboard; sourceTree = "<group>"; };
		DAD3D61C1F7A291C00FC029D /* Assets.xcassets */ = {isa = PBXFileReference; lastKnownFileType = folder.assetcatalog; path = Assets.xcassets; sourceTree = "<group>"; };
		DAD3D61F1F7A291C00FC029D /* Base */ = {isa = PBXFileReference; lastKnownFileType = file.storyboard; name = Base; path = Base.lproj/LaunchScreen.storyboard; sourceTree = "<group>"; };
		DAD3D6211F7A291C00FC029D /* Info.plist */ = {isa = PBXFileReference; lastKnownFileType = text.plist.xml; path = Info.plist; sourceTree = "<group>"; };
		DAD3D6271F7A29C500FC029D /* PaperListViewController.swift */ = {isa = PBXFileReference; lastKnownFileType = sourcecode.swift; path = PaperListViewController.swift; sourceTree = "<group>"; };
		DAD3D6291F7A29DA00FC029D /* PaperViewController.swift */ = {isa = PBXFileReference; lastKnownFileType = sourcecode.swift; path = PaperViewController.swift; sourceTree = "<group>"; };
		DAD3D62B1F7A2C2C00FC029D /* PaperCell.swift */ = {isa = PBXFileReference; lastKnownFileType = sourcecode.swift; path = PaperCell.swift; sourceTree = "<group>"; };
		DAD3D62D1F7A2C3C00FC029D /* Reusable.swift */ = {isa = PBXFileReference; lastKnownFileType = sourcecode.swift; path = Reusable.swift; sourceTree = "<group>"; };
		DAD3D63A1F7A30CE00FC029D /* PaperModel.xcdatamodel */ = {isa = PBXFileReference; lastKnownFileType = wrapper.xcdatamodel; path = PaperModel.xcdatamodel; sourceTree = "<group>"; };
		DAD3D63E1F7A36CF00FC029D /* CoreData.swift */ = {isa = PBXFileReference; lastKnownFileType = sourcecode.swift; path = CoreData.swift; sourceTree = "<group>"; };
		DAD3D6401F7A378A00FC029D /* PianoTextView.swift */ = {isa = PBXFileReference; lastKnownFileType = sourcecode.swift; path = PianoTextView.swift; sourceTree = "<group>"; };
		DAD3D6421F7A5F7200FC029D /* NSMutableAttributedString_Extension.swift */ = {isa = PBXFileReference; lastKnownFileType = sourcecode.swift; path = NSMutableAttributedString_Extension.swift; sourceTree = "<group>"; };
		DAD3D6441F7A60A200FC029D /* ImageAttachment.swift */ = {isa = PBXFileReference; lastKnownFileType = sourcecode.swift; path = ImageAttachment.swift; sourceTree = "<group>"; };
		DAD3D6461F7B1CE500FC029D /* TagCell.swift */ = {isa = PBXFileReference; lastKnownFileType = sourcecode.swift; path = TagCell.swift; sourceTree = "<group>"; };
		DAD3D64A1F7B7D8400FC029D /* TagCollectionView.swift */ = {isa = PBXFileReference; lastKnownFileType = sourcecode.swift; path = TagCollectionView.swift; sourceTree = "<group>"; };
		DAD3D64C1F7B7F3E00FC029D /* PaperTableView.swift */ = {isa = PBXFileReference; lastKnownFileType = sourcecode.swift; path = PaperTableView.swift; sourceTree = "<group>"; };
		DADD555C1F8297E500822753 /* PaperListHeaderView.swift */ = {isa = PBXFileReference; lastKnownFileType = sourcecode.swift; path = PaperListHeaderView.swift; sourceTree = "<group>"; };
		DAE92F2E1F8B9E810004A824 /* PaperViewController_KeyboardNotification.swift */ = {isa = PBXFileReference; lastKnownFileType = sourcecode.swift; path = PaperViewController_KeyboardNotification.swift; sourceTree = "<group>"; };
		DAE92F361F8C315E0004A824 /* TagPickerCollectionView.xib */ = {isa = PBXFileReference; lastKnownFileType = file.xib; path = TagPickerCollectionView.xib; sourceTree = "<group>"; };
		DAE92F381F8C31BF0004A824 /* TagPickerCell.xib */ = {isa = PBXFileReference; lastKnownFileType = file.xib; path = TagPickerCell.xib; sourceTree = "<group>"; };
		DAE92F3A1F8C31DB0004A824 /* TagPickerCell.swift */ = {isa = PBXFileReference; lastKnownFileType = sourcecode.swift; path = TagPickerCell.swift; sourceTree = "<group>"; };
		DAE92F3C1F8C31FB0004A824 /* TagPickerCollectionView.swift */ = {isa = PBXFileReference; lastKnownFileType = sourcecode.swift; path = TagPickerCollectionView.swift; sourceTree = "<group>"; };
		DAE92F3E1F8C321B0004A824 /* ColorPickerView.xib */ = {isa = PBXFileReference; lastKnownFileType = file.xib; path = ColorPickerView.xib; sourceTree = "<group>"; };
		DAE92F401F8C322C0004A824 /* ColorPickerView.swift */ = {isa = PBXFileReference; lastKnownFileType = sourcecode.swift; path = ColorPickerView.swift; sourceTree = "<group>"; };
		DAE92F421F8C32880004A824 /* FontPickerView.xib */ = {isa = PBXFileReference; lastKnownFileType = file.xib; path = FontPickerView.xib; sourceTree = "<group>"; };
		DAE92F441F8C32940004A824 /* FontPickerView.swift */ = {isa = PBXFileReference; lastKnownFileType = sourcecode.swift; path = FontPickerView.swift; sourceTree = "<group>"; };
		DAE92F461F8C32C30004A824 /* ConvertPickerView.xib */ = {isa = PBXFileReference; lastKnownFileType = file.xib; path = ConvertPickerView.xib; sourceTree = "<group>"; };
		DAE92F481F8C32CF0004A824 /* ConvertPickerView.swift */ = {isa = PBXFileReference; lastKnownFileType = sourcecode.swift; path = ConvertPickerView.swift; sourceTree = "<group>"; };
		DAE92F511F8C42430004A824 /* AddTagReusableView.swift */ = {isa = PBXFileReference; lastKnownFileType = sourcecode.swift; path = AddTagReusableView.swift; sourceTree = "<group>"; };
		DAE92F521F8C42430004A824 /* AddTagReusableView.xib */ = {isa = PBXFileReference; lastKnownFileType = file.xib; path = AddTagReusableView.xib; sourceTree = "<group>"; };
/* End PBXFileReference section */

/* Begin PBXFrameworksBuildPhase section */
		DAD3D60F1F7A291C00FC029D /* Frameworks */ = {
			isa = PBXFrameworksBuildPhase;
			buildActionMask = 2147483647;
			files = (
			);
			runOnlyForDeploymentPostprocessing = 0;
		};
/* End PBXFrameworksBuildPhase section */

/* Begin PBXGroup section */
		DA6E02391F8858F10082576A /* Piano */ = {
			isa = PBXGroup;
			children = (
				DACBCAD91F8B38DB003DEC7F /* PianoResult.swift */,
				DACBCAD51F8B35D3003DEC7F /* PianoView.swift */,
				DACBCAD71F8B38C6003DEC7F /* PianoViewData.swift */,
				DACBCAD31F8B3502003DEC7F /* PianoAttributeStyle.swift */,
				DAC6971E1F8B57A7008071E4 /* PianoTextView_Form.swift */,
				DACBCACD1F8B186C003DEC7F /* PianoPickerView.xib */,
				DACBCAD11F8B1A1E003DEC7F /* PianoPickerView.swift */,
				DACBCADB1F8B3906003DEC7F /* PianoControl.swift */,
			);
			path = Piano;
			sourceTree = "<group>";
		};
		DA6E023E1F885AB10082576A /* Shared */ = {
			isa = PBXGroup;
			children = (
				DAD3D63E1F7A36CF00FC029D /* CoreData.swift */,
				DA3F2BAD1F83A2FA00A556F5 /* AnimatorFactory.swift */,
				DA3F2BB11F85D19900A556F5 /* PaperTransition.swift */,
				DAD3D62D1F7A2C3C00FC029D /* Reusable.swift */,
				DA3F2BAB1F836B4500A556F5 /* Global.swift */,
				DAD3D6421F7A5F7200FC029D /* NSMutableAttributedString_Extension.swift */,
				DAC697201F8B5845008071E4 /* Primitive_Extension.swift */,
			);
			path = Shared;
			sourceTree = "<group>";
		};
		DAB994251F8B0CEE007AF6CD /* PaperNavigationController */ = {
			isa = PBXGroup;
			children = (
				DAB994231F8B0AE1007AF6CD /* PaperNavigationViewController.swift */,
			);
			path = PaperNavigationController;
			sourceTree = "<group>";
		};
		DAB994261F8B0D05007AF6CD /* Model */ = {
			isa = PBXGroup;
			children = (
				DAD3D6391F7A30CE00FC029D /* PaperModel.xcdatamodeld */,
			);
			path = Model;
			sourceTree = "<group>";
		};
		DAB994271F8B0D1B007AF6CD /* DefaultViewController */ = {
			isa = PBXGroup;
			children = (
				DA3F2BA91F82AE6200A556F5 /* DefaultViewController.swift */,
			);
			path = DefaultViewController;
			sourceTree = "<group>";
		};
		DACBCAD01F8B1964003DEC7F /* Assets */ = {
			isa = PBXGroup;
			children = (
				DAD3D6191F7A291C00FC029D /* Main.storyboard */,
				DAD3D61E1F7A291C00FC029D /* LaunchScreen.storyboard */,
				DAD3D61C1F7A291C00FC029D /* Assets.xcassets */,
			);
			path = Assets;
			sourceTree = "<group>";
		};
		DACBCAE71F8B530A003DEC7F /* Mirroring */ = {
			isa = PBXGroup;
			children = (
				DACBCAE51F8B5302003DEC7F /* MirrorScrollView.swift */,
			);
			path = Mirroring;
			sourceTree = "<group>";
		};
		DACBCAE81F8B5319003DEC7F /* InputView */ = {
			isa = PBXGroup;
			children = (
				DACBCADF1F8B4FA0003DEC7F /* PhotoView.swift */,
				DACBCAE31F8B51F4003DEC7F /* ImageCell.swift */,
				DACBCAEA1F8B5379003DEC7F /* ImageCell.xib */,
			);
			path = InputView;
			sourceTree = "<group>";
		};
		DACBCAE91F8B532D003DEC7F /* PianoTextView */ = {
			isa = PBXGroup;
			children = (
				DAD3D6401F7A378A00FC029D /* PianoTextView.swift */,
				DAC697241F8B5A10008071E4 /* PianoTextView_Cursor.swift */,
				DAC697261F8B5A2E008071E4 /* PianoTextView_UITextViewDelegate.swift */,
				DACBCADD1F8B47B0003DEC7F /* PianoTextView_NSAttributedStringKey.swift */,
				DA6E023A1F88592E0082576A /* PianoTextView_CoreData.swift */,
				DACBCAE11F8B505F003DEC7F /* PianoTextView_PhotoViewDelegate.swift */,
				DAD3D6441F7A60A200FC029D /* ImageAttachment.swift */,
				DAC697221F8B59A7008071E4 /* PianoTextView_Effectable.swift */,
			);
			path = PianoTextView;
			sourceTree = "<group>";
		};
		DAD3D6091F7A291C00FC029D = {
			isa = PBXGroup;
			children = (
				DAD3D6141F7A291C00FC029D /* Paper */,
				DAD3D6131F7A291C00FC029D /* Products */,
			);
			sourceTree = "<group>";
		};
		DAD3D6131F7A291C00FC029D /* Products */ = {
			isa = PBXGroup;
			children = (
				DAD3D6121F7A291C00FC029D /* Paper.app */,
			);
			name = Products;
			sourceTree = "<group>";
		};
		DAD3D6141F7A291C00FC029D /* Paper */ = {
			isa = PBXGroup;
			children = (
				DAD3D6211F7A291C00FC029D /* Info.plist */,
				DAD3D6151F7A291C00FC029D /* AppDelegate.swift */,
				DACBCAD01F8B1964003DEC7F /* Assets */,
				DAB994261F8B0D05007AF6CD /* Model */,
				DA6E023E1F885AB10082576A /* Shared */,
				DAB994271F8B0D1B007AF6CD /* DefaultViewController */,
				DAB994251F8B0CEE007AF6CD /* PaperNavigationController */,
				DAD3D63C1F7A30D400FC029D /* PaperListViewController */,
				DAD3D63D1F7A35D400FC029D /* PaperViewController */,
			);
			path = Paper;
			sourceTree = "<group>";
		};
		DAD3D63C1F7A30D400FC029D /* PaperListViewController */ = {
			isa = PBXGroup;
			children = (
				DAD3D6271F7A29C500FC029D /* PaperListViewController.swift */,
				DADD555C1F8297E500822753 /* PaperListHeaderView.swift */,
				DAD3D64A1F7B7D8400FC029D /* TagCollectionView.swift */,
				DAD3D64C1F7B7F3E00FC029D /* PaperTableView.swift */,
				DAD3D62B1F7A2C2C00FC029D /* PaperCell.swift */,
				DAD3D6461F7B1CE500FC029D /* TagCell.swift */,
			);
			path = PaperListViewController;
			sourceTree = "<group>";
		};
		DAD3D63D1F7A35D400FC029D /* PaperViewController */ = {
			isa = PBXGroup;
			children = (
				DAD3D6291F7A29DA00FC029D /* PaperViewController.swift */,
				DAE92F2E1F8B9E810004A824 /* PaperViewController_KeyboardNotification.swift */,
				DAE92F4A1F8C32D90004A824 /* AuxToolbar */,
				DACBCAE71F8B530A003DEC7F /* Mirroring */,
				DACBCAE81F8B5319003DEC7F /* InputView */,
				DACBCAE91F8B532D003DEC7F /* PianoTextView */,
				DA6E02391F8858F10082576A /* Piano */,
			);
			path = PaperViewController;
			sourceTree = "<group>";
		};
		DAE92F4A1F8C32D90004A824 /* AuxToolbar */ = {
			isa = PBXGroup;
			children = (
				DAE92F361F8C315E0004A824 /* TagPickerCollectionView.xib */,
				DAE92F3C1F8C31FB0004A824 /* TagPickerCollectionView.swift */,
				DAE92F381F8C31BF0004A824 /* TagPickerCell.xib */,
				DAE92F3A1F8C31DB0004A824 /* TagPickerCell.swift */,
				DAE92F521F8C42430004A824 /* AddTagReusableView.xib */,
				DAE92F511F8C42430004A824 /* AddTagReusableView.swift */,
				DAE92F3E1F8C321B0004A824 /* ColorPickerView.xib */,
				DAE92F401F8C322C0004A824 /* ColorPickerView.swift */,
				DAE92F421F8C32880004A824 /* FontPickerView.xib */,
				DAE92F441F8C32940004A824 /* FontPickerView.swift */,
				DAE92F461F8C32C30004A824 /* ConvertPickerView.xib */,
				DAE92F481F8C32CF0004A824 /* ConvertPickerView.swift */,
			);
			path = AuxToolbar;
			sourceTree = "<group>";
		};
/* End PBXGroup section */

/* Begin PBXNativeTarget section */
		DAD3D6111F7A291C00FC029D /* Paper */ = {
			isa = PBXNativeTarget;
			buildConfigurationList = DAD3D6241F7A291C00FC029D /* Build configuration list for PBXNativeTarget "Paper" */;
			buildPhases = (
				DAD3D60E1F7A291C00FC029D /* Sources */,
				DAD3D60F1F7A291C00FC029D /* Frameworks */,
				DAD3D6101F7A291C00FC029D /* Resources */,
			);
			buildRules = (
			);
			dependencies = (
			);
			name = Paper;
			productName = Paper;
			productReference = DAD3D6121F7A291C00FC029D /* Paper.app */;
			productType = "com.apple.product-type.application";
		};
/* End PBXNativeTarget section */

/* Begin PBXProject section */
		DAD3D60A1F7A291C00FC029D /* Project object */ = {
			isa = PBXProject;
			attributes = {
				LastSwiftUpdateCheck = 0900;
				LastUpgradeCheck = 0900;
				ORGANIZATIONNAME = Piano;
				TargetAttributes = {
					DAD3D6111F7A291C00FC029D = {
						CreatedOnToolsVersion = 9.0;
						ProvisioningStyle = Automatic;
					};
				};
			};
			buildConfigurationList = DAD3D60D1F7A291C00FC029D /* Build configuration list for PBXProject "Paper" */;
			compatibilityVersion = "Xcode 8.0";
			developmentRegion = en;
			hasScannedForEncodings = 0;
			knownRegions = (
				en,
				Base,
			);
			mainGroup = DAD3D6091F7A291C00FC029D;
			productRefGroup = DAD3D6131F7A291C00FC029D /* Products */;
			projectDirPath = "";
			projectRoot = "";
			targets = (
				DAD3D6111F7A291C00FC029D /* Paper */,
			);
		};
/* End PBXProject section */

/* Begin PBXResourcesBuildPhase section */
		DAD3D6101F7A291C00FC029D /* Resources */ = {
			isa = PBXResourcesBuildPhase;
			buildActionMask = 2147483647;
			files = (
				DAD3D6201F7A291C00FC029D /* LaunchScreen.storyboard in Resources */,
				DAD3D61D1F7A291C00FC029D /* Assets.xcassets in Resources */,
				DAE92F471F8C32C30004A824 /* ConvertPickerView.xib in Resources */,
				DACBCAEB1F8B5379003DEC7F /* ImageCell.xib in Resources */,
				DAE92F371F8C315E0004A824 /* TagPickerCollectionView.xib in Resources */,
				DAE92F541F8C42430004A824 /* AddTagReusableView.xib in Resources */,
				DAE92F3F1F8C321B0004A824 /* ColorPickerView.xib in Resources */,
				DAE92F391F8C31BF0004A824 /* TagPickerCell.xib in Resources */,
				DAE92F431F8C32880004A824 /* FontPickerView.xib in Resources */,
				DAD3D61B1F7A291C00FC029D /* Main.storyboard in Resources */,
				DACBCACE1F8B186C003DEC7F /* PianoPickerView.xib in Resources */,
			);
			runOnlyForDeploymentPostprocessing = 0;
		};
/* End PBXResourcesBuildPhase section */

/* Begin PBXSourcesBuildPhase section */
		DAD3D60E1F7A291C00FC029D /* Sources */ = {
			isa = PBXSourcesBuildPhase;
			buildActionMask = 2147483647;
			files = (
				DA3F2BAA1F82AE6200A556F5 /* DefaultViewController.swift in Sources */,
				DAD3D64D1F7B7F3E00FC029D /* PaperTableView.swift in Sources */,
				DACBCAE41F8B51F4003DEC7F /* ImageCell.swift in Sources */,
				DAC697251F8B5A10008071E4 /* PianoTextView_Cursor.swift in Sources */,
				DAD3D6161F7A291C00FC029D /* AppDelegate.swift in Sources */,
				DACBCAE21F8B505F003DEC7F /* PianoTextView_PhotoViewDelegate.swift in Sources */,
				DAD3D6411F7A378A00FC029D /* PianoTextView.swift in Sources */,
				DACBCAD21F8B1A1E003DEC7F /* PianoPickerView.swift in Sources */,
				DACBCAD41F8B3502003DEC7F /* PianoAttributeStyle.swift in Sources */,
				DAD3D6281F7A29C500FC029D /* PaperListViewController.swift in Sources */,
				DAD3D6471F7B1CE500FC029D /* TagCell.swift in Sources */,
				DAE92F451F8C32940004A824 /* FontPickerView.swift in Sources */,
				DAD3D64B1F7B7D8400FC029D /* TagCollectionView.swift in Sources */,
				DACBCADE1F8B47B0003DEC7F /* PianoTextView_NSAttributedStringKey.swift in Sources */,
				DACBCAD81F8B38C6003DEC7F /* PianoViewData.swift in Sources */,
				DA3F2BAE1F83A2FA00A556F5 /* AnimatorFactory.swift in Sources */,
				DACBCADA1F8B38DB003DEC7F /* PianoResult.swift in Sources */,
				DAE92F3D1F8C31FB0004A824 /* TagPickerCollectionView.swift in Sources */,
				DADD555D1F8297E500822753 /* PaperListHeaderView.swift in Sources */,
				DACBCAE01F8B4FA0003DEC7F /* PhotoView.swift in Sources */,
				DA3F2BAC1F836B4500A556F5 /* Global.swift in Sources */,
				DAB994241F8B0AE1007AF6CD /* PaperNavigationViewController.swift in Sources */,
				DAE92F491F8C32CF0004A824 /* ConvertPickerView.swift in Sources */,
				DAC6971F1F8B57A7008071E4 /* PianoTextView_Form.swift in Sources */,
				DAC697271F8B5A2E008071E4 /* PianoTextView_UITextViewDelegate.swift in Sources */,
				DAE92F531F8C42430004A824 /* AddTagReusableView.swift in Sources */,
				DAD3D6431F7A5F7200FC029D /* NSMutableAttributedString_Extension.swift in Sources */,
				DAE92F411F8C322C0004A824 /* ColorPickerView.swift in Sources */,
				DACBCADC1F8B3906003DEC7F /* PianoControl.swift in Sources */,
				DA6E023B1F88592E0082576A /* PianoTextView_CoreData.swift in Sources */,
				DAD3D63F1F7A36CF00FC029D /* CoreData.swift in Sources */,
				DAD3D62C1F7A2C2C00FC029D /* PaperCell.swift in Sources */,
				DA3F2BB21F85D19900A556F5 /* PaperTransition.swift in Sources */,
				DACBCAE61F8B5302003DEC7F /* MirrorScrollView.swift in Sources */,
				DAD3D62A1F7A29DA00FC029D /* PaperViewController.swift in Sources */,
				DAD3D6451F7A60A200FC029D /* ImageAttachment.swift in Sources */,
				DAE92F2F1F8B9E810004A824 /* PaperViewController_KeyboardNotification.swift in Sources */,
				DAE92F3B1F8C31DB0004A824 /* TagPickerCell.swift in Sources */,
				DAD3D63B1F7A30CE00FC029D /* PaperModel.xcdatamodeld in Sources */,
				DAC697211F8B5845008071E4 /* Primitive_Extension.swift in Sources */,
				DACBCAD61F8B35D3003DEC7F /* PianoView.swift in Sources */,
				DAC697231F8B59A7008071E4 /* PianoTextView_Effectable.swift in Sources */,
				DAD3D62E1F7A2C3C00FC029D /* Reusable.swift in Sources */,
			);
			runOnlyForDeploymentPostprocessing = 0;
		};
/* End PBXSourcesBuildPhase section */

/* Begin PBXVariantGroup section */
		DAD3D6191F7A291C00FC029D /* Main.storyboard */ = {
			isa = PBXVariantGroup;
			children = (
				DAD3D61A1F7A291C00FC029D /* Base */,
			);
			name = Main.storyboard;
			sourceTree = "<group>";
		};
		DAD3D61E1F7A291C00FC029D /* LaunchScreen.storyboard */ = {
			isa = PBXVariantGroup;
			children = (
				DAD3D61F1F7A291C00FC029D /* Base */,
			);
			name = LaunchScreen.storyboard;
			sourceTree = "<group>";
		};
/* End PBXVariantGroup section */

/* Begin XCBuildConfiguration section */
		DAD3D6221F7A291C00FC029D /* Debug */ = {
			isa = XCBuildConfiguration;
			buildSettings = {
				ALWAYS_SEARCH_USER_PATHS = NO;
				CLANG_ANALYZER_NONNULL = YES;
				CLANG_ANALYZER_NUMBER_OBJECT_CONVERSION = YES_AGGRESSIVE;
				CLANG_CXX_LANGUAGE_STANDARD = "gnu++14";
				CLANG_CXX_LIBRARY = "libc++";
				CLANG_ENABLE_MODULES = YES;
				CLANG_ENABLE_OBJC_ARC = YES;
				CLANG_WARN_BLOCK_CAPTURE_AUTORELEASING = YES;
				CLANG_WARN_BOOL_CONVERSION = YES;
				CLANG_WARN_COMMA = YES;
				CLANG_WARN_CONSTANT_CONVERSION = YES;
				CLANG_WARN_DIRECT_OBJC_ISA_USAGE = YES_ERROR;
				CLANG_WARN_DOCUMENTATION_COMMENTS = YES;
				CLANG_WARN_EMPTY_BODY = YES;
				CLANG_WARN_ENUM_CONVERSION = YES;
				CLANG_WARN_INFINITE_RECURSION = YES;
				CLANG_WARN_INT_CONVERSION = YES;
				CLANG_WARN_NON_LITERAL_NULL_CONVERSION = YES;
				CLANG_WARN_OBJC_LITERAL_CONVERSION = YES;
				CLANG_WARN_OBJC_ROOT_CLASS = YES_ERROR;
				CLANG_WARN_RANGE_LOOP_ANALYSIS = YES;
				CLANG_WARN_STRICT_PROTOTYPES = YES;
				CLANG_WARN_SUSPICIOUS_MOVE = YES;
				CLANG_WARN_UNGUARDED_AVAILABILITY = YES_AGGRESSIVE;
				CLANG_WARN_UNREACHABLE_CODE = YES;
				CLANG_WARN__DUPLICATE_METHOD_MATCH = YES;
				CODE_SIGN_IDENTITY = "iPhone Developer";
				COPY_PHASE_STRIP = NO;
				DEBUG_INFORMATION_FORMAT = dwarf;
				ENABLE_STRICT_OBJC_MSGSEND = YES;
				ENABLE_TESTABILITY = YES;
				GCC_C_LANGUAGE_STANDARD = gnu11;
				GCC_DYNAMIC_NO_PIC = NO;
				GCC_NO_COMMON_BLOCKS = YES;
				GCC_OPTIMIZATION_LEVEL = 0;
				GCC_PREPROCESSOR_DEFINITIONS = (
					"DEBUG=1",
					"$(inherited)",
				);
				GCC_WARN_64_TO_32_BIT_CONVERSION = YES;
				GCC_WARN_ABOUT_RETURN_TYPE = YES_ERROR;
				GCC_WARN_UNDECLARED_SELECTOR = YES;
				GCC_WARN_UNINITIALIZED_AUTOS = YES_AGGRESSIVE;
				GCC_WARN_UNUSED_FUNCTION = YES;
				GCC_WARN_UNUSED_VARIABLE = YES;
				IPHONEOS_DEPLOYMENT_TARGET = 11.0;
				MTL_ENABLE_DEBUG_INFO = YES;
				ONLY_ACTIVE_ARCH = YES;
				SDKROOT = iphoneos;
				SWIFT_ACTIVE_COMPILATION_CONDITIONS = DEBUG;
				SWIFT_OPTIMIZATION_LEVEL = "-Onone";
			};
			name = Debug;
		};
		DAD3D6231F7A291C00FC029D /* Release */ = {
			isa = XCBuildConfiguration;
			buildSettings = {
				ALWAYS_SEARCH_USER_PATHS = NO;
				CLANG_ANALYZER_NONNULL = YES;
				CLANG_ANALYZER_NUMBER_OBJECT_CONVERSION = YES_AGGRESSIVE;
				CLANG_CXX_LANGUAGE_STANDARD = "gnu++14";
				CLANG_CXX_LIBRARY = "libc++";
				CLANG_ENABLE_MODULES = YES;
				CLANG_ENABLE_OBJC_ARC = YES;
				CLANG_WARN_BLOCK_CAPTURE_AUTORELEASING = YES;
				CLANG_WARN_BOOL_CONVERSION = YES;
				CLANG_WARN_COMMA = YES;
				CLANG_WARN_CONSTANT_CONVERSION = YES;
				CLANG_WARN_DIRECT_OBJC_ISA_USAGE = YES_ERROR;
				CLANG_WARN_DOCUMENTATION_COMMENTS = YES;
				CLANG_WARN_EMPTY_BODY = YES;
				CLANG_WARN_ENUM_CONVERSION = YES;
				CLANG_WARN_INFINITE_RECURSION = YES;
				CLANG_WARN_INT_CONVERSION = YES;
				CLANG_WARN_NON_LITERAL_NULL_CONVERSION = YES;
				CLANG_WARN_OBJC_LITERAL_CONVERSION = YES;
				CLANG_WARN_OBJC_ROOT_CLASS = YES_ERROR;
				CLANG_WARN_RANGE_LOOP_ANALYSIS = YES;
				CLANG_WARN_STRICT_PROTOTYPES = YES;
				CLANG_WARN_SUSPICIOUS_MOVE = YES;
				CLANG_WARN_UNGUARDED_AVAILABILITY = YES_AGGRESSIVE;
				CLANG_WARN_UNREACHABLE_CODE = YES;
				CLANG_WARN__DUPLICATE_METHOD_MATCH = YES;
				CODE_SIGN_IDENTITY = "iPhone Developer";
				COPY_PHASE_STRIP = NO;
				DEBUG_INFORMATION_FORMAT = "dwarf-with-dsym";
				ENABLE_NS_ASSERTIONS = NO;
				ENABLE_STRICT_OBJC_MSGSEND = YES;
				GCC_C_LANGUAGE_STANDARD = gnu11;
				GCC_NO_COMMON_BLOCKS = YES;
				GCC_WARN_64_TO_32_BIT_CONVERSION = YES;
				GCC_WARN_ABOUT_RETURN_TYPE = YES_ERROR;
				GCC_WARN_UNDECLARED_SELECTOR = YES;
				GCC_WARN_UNINITIALIZED_AUTOS = YES_AGGRESSIVE;
				GCC_WARN_UNUSED_FUNCTION = YES;
				GCC_WARN_UNUSED_VARIABLE = YES;
				IPHONEOS_DEPLOYMENT_TARGET = 11.0;
				MTL_ENABLE_DEBUG_INFO = NO;
				SDKROOT = iphoneos;
				SWIFT_OPTIMIZATION_LEVEL = "-Owholemodule";
				VALIDATE_PRODUCT = YES;
			};
			name = Release;
		};
		DAD3D6251F7A291C00FC029D /* Debug */ = {
			isa = XCBuildConfiguration;
			buildSettings = {
				ASSETCATALOG_COMPILER_APPICON_NAME = AppIcon;
				CODE_SIGN_STYLE = Automatic;
				DEVELOPMENT_TEAM = U9KHV9D7LV;
				INFOPLIST_FILE = Paper/Info.plist;
				LD_RUNPATH_SEARCH_PATHS = "$(inherited) @executable_path/Frameworks";
				PRODUCT_BUNDLE_IDENTIFIER = com.piano.Paper;
				PRODUCT_NAME = "$(TARGET_NAME)";
				SWIFT_VERSION = 4.0;
				TARGETED_DEVICE_FAMILY = "1,2";
			};
			name = Debug;
		};
		DAD3D6261F7A291C00FC029D /* Release */ = {
			isa = XCBuildConfiguration;
			buildSettings = {
				ASSETCATALOG_COMPILER_APPICON_NAME = AppIcon;
				CODE_SIGN_STYLE = Automatic;
				DEVELOPMENT_TEAM = U9KHV9D7LV;
				INFOPLIST_FILE = Paper/Info.plist;
				LD_RUNPATH_SEARCH_PATHS = "$(inherited) @executable_path/Frameworks";
				PRODUCT_BUNDLE_IDENTIFIER = com.piano.Paper;
				PRODUCT_NAME = "$(TARGET_NAME)";
				SWIFT_VERSION = 4.0;
				TARGETED_DEVICE_FAMILY = "1,2";
			};
			name = Release;
		};
/* End XCBuildConfiguration section */

/* Begin XCConfigurationList section */
		DAD3D60D1F7A291C00FC029D /* Build configuration list for PBXProject "Paper" */ = {
			isa = XCConfigurationList;
			buildConfigurations = (
				DAD3D6221F7A291C00FC029D /* Debug */,
				DAD3D6231F7A291C00FC029D /* Release */,
			);
			defaultConfigurationIsVisible = 0;
			defaultConfigurationName = Release;
		};
		DAD3D6241F7A291C00FC029D /* Build configuration list for PBXNativeTarget "Paper" */ = {
			isa = XCConfigurationList;
			buildConfigurations = (
				DAD3D6251F7A291C00FC029D /* Debug */,
				DAD3D6261F7A291C00FC029D /* Release */,
			);
			defaultConfigurationIsVisible = 0;
			defaultConfigurationName = Release;
		};
/* End XCConfigurationList section */

/* Begin XCVersionGroup section */
		DAD3D6391F7A30CE00FC029D /* PaperModel.xcdatamodeld */ = {
			isa = XCVersionGroup;
			children = (
				DAD3D63A1F7A30CE00FC029D /* PaperModel.xcdatamodel */,
			);
			currentVersion = DAD3D63A1F7A30CE00FC029D /* PaperModel.xcdatamodel */;
			path = PaperModel.xcdatamodeld;
			sourceTree = "<group>";
			versionGroupType = wrapper.xcdatamodel;
		};
/* End XCVersionGroup section */
	};
	rootObject = DAD3D60A1F7A291C00FC029D /* Project object */;
}
